// !$*UTF8*$!
{
	archiveVersion = 1;
	classes = {
	};
	objectVersion = 50;
	objects = {

/* Begin PBXBuildFile section */
		5675DB1C2379F98A00B76476 /* AppDelegate.swift in Sources */ = {isa = PBXBuildFile; fileRef = 5675DB1B2379F98A00B76476 /* AppDelegate.swift */; };
		5675DB1E2379F98A00B76476 /* SceneDelegate.swift in Sources */ = {isa = PBXBuildFile; fileRef = 5675DB1D2379F98A00B76476 /* SceneDelegate.swift */; };
		5675DB202379F98A00B76476 /* ViewController.swift in Sources */ = {isa = PBXBuildFile; fileRef = 5675DB1F2379F98A00B76476 /* ViewController.swift */; };
		5675DB232379F98A00B76476 /* Main.storyboard in Resources */ = {isa = PBXBuildFile; fileRef = 5675DB212379F98A00B76476 /* Main.storyboard */; };
		5675DB262379F98A00B76476 /* MVVM_iOS.xcdatamodeld in Sources */ = {isa = PBXBuildFile; fileRef = 5675DB242379F98A00B76476 /* MVVM_iOS.xcdatamodeld */; };
		5675DB282379F98D00B76476 /* Assets.xcassets in Resources */ = {isa = PBXBuildFile; fileRef = 5675DB272379F98D00B76476 /* Assets.xcassets */; };
		5675DB2B2379F98D00B76476 /* LaunchScreen.storyboard in Resources */ = {isa = PBXBuildFile; fileRef = 5675DB292379F98D00B76476 /* LaunchScreen.storyboard */; };
		5675DB362379F98D00B76476 /* MVVM_iOSTests.swift in Sources */ = {isa = PBXBuildFile; fileRef = 5675DB352379F98D00B76476 /* MVVM_iOSTests.swift */; };
		5675DB412379F98D00B76476 /* MVVM_iOSUITests.swift in Sources */ = {isa = PBXBuildFile; fileRef = 5675DB402379F98D00B76476 /* MVVM_iOSUITests.swift */; };
/* End PBXBuildFile section */

/* Begin PBXContainerItemProxy section */
		5675DB322379F98D00B76476 /* PBXContainerItemProxy */ = {
			isa = PBXContainerItemProxy;
			containerPortal = 5675DB102379F98A00B76476 /* Project object */;
			proxyType = 1;
			remoteGlobalIDString = 5675DB172379F98A00B76476;
			remoteInfo = "MVVM-iOS";
		};
		5675DB3D2379F98D00B76476 /* PBXContainerItemProxy */ = {
			isa = PBXContainerItemProxy;
			containerPortal = 5675DB102379F98A00B76476 /* Project object */;
			proxyType = 1;
			remoteGlobalIDString = 5675DB172379F98A00B76476;
			remoteInfo = "MVVM-iOS";
		};
/* End PBXContainerItemProxy section */

/* Begin PBXFileReference section */
		5675DB182379F98A00B76476 /* MVVM-iOS.app */ = {isa = PBXFileReference; explicitFileType = wrapper.application; includeInIndex = 0; path = "MVVM-iOS.app"; sourceTree = BUILT_PRODUCTS_DIR; };
		5675DB1B2379F98A00B76476 /* AppDelegate.swift */ = {isa = PBXFileReference; lastKnownFileType = sourcecode.swift; path = AppDelegate.swift; sourceTree = "<group>"; };
		5675DB1D2379F98A00B76476 /* SceneDelegate.swift */ = {isa = PBXFileReference; lastKnownFileType = sourcecode.swift; path = SceneDelegate.swift; sourceTree = "<group>"; };
		5675DB1F2379F98A00B76476 /* ViewController.swift */ = {isa = PBXFileReference; lastKnownFileType = sourcecode.swift; path = ViewController.swift; sourceTree = "<group>"; };
		5675DB222379F98A00B76476 /* Base */ = {isa = PBXFileReference; lastKnownFileType = file.storyboard; name = Base; path = Base.lproj/Main.storyboard; sourceTree = "<group>"; };
		5675DB252379F98A00B76476 /* MVVM_iOS.xcdatamodel */ = {isa = PBXFileReference; lastKnownFileType = wrapper.xcdatamodel; path = MVVM_iOS.xcdatamodel; sourceTree = "<group>"; };
		5675DB272379F98D00B76476 /* Assets.xcassets */ = {isa = PBXFileReference; lastKnownFileType = folder.assetcatalog; path = Assets.xcassets; sourceTree = "<group>"; };
		5675DB2A2379F98D00B76476 /* Base */ = {isa = PBXFileReference; lastKnownFileType = file.storyboard; name = Base; path = Base.lproj/LaunchScreen.storyboard; sourceTree = "<group>"; };
		5675DB2C2379F98D00B76476 /* Info.plist */ = {isa = PBXFileReference; lastKnownFileType = text.plist.xml; path = Info.plist; sourceTree = "<group>"; };
		5675DB312379F98D00B76476 /* MVVM-iOSTests.xctest */ = {isa = PBXFileReference; explicitFileType = wrapper.cfbundle; includeInIndex = 0; path = "MVVM-iOSTests.xctest"; sourceTree = BUILT_PRODUCTS_DIR; };
		5675DB352379F98D00B76476 /* MVVM_iOSTests.swift */ = {isa = PBXFileReference; lastKnownFileType = sourcecode.swift; path = MVVM_iOSTests.swift; sourceTree = "<group>"; };
		5675DB372379F98D00B76476 /* Info.plist */ = {isa = PBXFileReference; lastKnownFileType = text.plist.xml; path = Info.plist; sourceTree = "<group>"; };
		5675DB3C2379F98D00B76476 /* MVVM-iOSUITests.xctest */ = {isa = PBXFileReference; explicitFileType = wrapper.cfbundle; includeInIndex = 0; path = "MVVM-iOSUITests.xctest"; sourceTree = BUILT_PRODUCTS_DIR; };
		5675DB402379F98D00B76476 /* MVVM_iOSUITests.swift */ = {isa = PBXFileReference; lastKnownFileType = sourcecode.swift; path = MVVM_iOSUITests.swift; sourceTree = "<group>"; };
		5675DB422379F98D00B76476 /* Info.plist */ = {isa = PBXFileReference; lastKnownFileType = text.plist.xml; path = Info.plist; sourceTree = "<group>"; };
/* End PBXFileReference section */

/* Begin PBXFrameworksBuildPhase section */
		5675DB152379F98A00B76476 /* Frameworks */ = {
			isa = PBXFrameworksBuildPhase;
			buildActionMask = 2147483647;
			files = (
			);
			runOnlyForDeploymentPostprocessing = 0;
		};
		5675DB2E2379F98D00B76476 /* Frameworks */ = {
			isa = PBXFrameworksBuildPhase;
			buildActionMask = 2147483647;
			files = (
			);
			runOnlyForDeploymentPostprocessing = 0;
		};
		5675DB392379F98D00B76476 /* Frameworks */ = {
			isa = PBXFrameworksBuildPhase;
			buildActionMask = 2147483647;
			files = (
			);
			runOnlyForDeploymentPostprocessing = 0;
		};
/* End PBXFrameworksBuildPhase section */

/* Begin PBXGroup section */
		5675DB0F2379F98A00B76476 = {
			isa = PBXGroup;
			children = (
				5675DB1A2379F98A00B76476 /* MVVM-iOS */,
				5675DB342379F98D00B76476 /* MVVM-iOSTests */,
				5675DB3F2379F98D00B76476 /* MVVM-iOSUITests */,
				5675DB192379F98A00B76476 /* Products */,
			);
			sourceTree = "<group>";
		};
		5675DB192379F98A00B76476 /* Products */ = {
			isa = PBXGroup;
			children = (
				5675DB182379F98A00B76476 /* MVVM-iOS.app */,
				5675DB312379F98D00B76476 /* MVVM-iOSTests.xctest */,
				5675DB3C2379F98D00B76476 /* MVVM-iOSUITests.xctest */,
			);
			name = Products;
			sourceTree = "<group>";
		};
		5675DB1A2379F98A00B76476 /* MVVM-iOS */ = {
			isa = PBXGroup;
			children = (
				5675DB1B2379F98A00B76476 /* AppDelegate.swift */,
				5675DB1D2379F98A00B76476 /* SceneDelegate.swift */,
				5675DB1F2379F98A00B76476 /* ViewController.swift */,
				5675DB212379F98A00B76476 /* Main.storyboard */,
				5675DB272379F98D00B76476 /* Assets.xcassets */,
				5675DB292379F98D00B76476 /* LaunchScreen.storyboard */,
				5675DB2C2379F98D00B76476 /* Info.plist */,
				5675DB242379F98A00B76476 /* MVVM_iOS.xcdatamodeld */,
			);
			path = "MVVM-iOS";
			sourceTree = "<group>";
		};
		5675DB342379F98D00B76476 /* MVVM-iOSTests */ = {
			isa = PBXGroup;
			children = (
				5675DB352379F98D00B76476 /* MVVM_iOSTests.swift */,
				5675DB372379F98D00B76476 /* Info.plist */,
			);
			path = "MVVM-iOSTests";
			sourceTree = "<group>";
		};
		5675DB3F2379F98D00B76476 /* MVVM-iOSUITests */ = {
			isa = PBXGroup;
			children = (
				5675DB402379F98D00B76476 /* MVVM_iOSUITests.swift */,
				5675DB422379F98D00B76476 /* Info.plist */,
			);
			path = "MVVM-iOSUITests";
			sourceTree = "<group>";
		};
/* End PBXGroup section */

/* Begin PBXNativeTarget section */
		5675DB172379F98A00B76476 /* MVVM-iOS */ = {
			isa = PBXNativeTarget;
			buildConfigurationList = 5675DB452379F98D00B76476 /* Build configuration list for PBXNativeTarget "MVVM-iOS" */;
			buildPhases = (
				5675DB142379F98A00B76476 /* Sources */,
				5675DB152379F98A00B76476 /* Frameworks */,
				5675DB162379F98A00B76476 /* Resources */,
			);
			buildRules = (
			);
			dependencies = (
			);
			name = "MVVM-iOS";
			productName = "MVVM-iOS";
			productReference = 5675DB182379F98A00B76476 /* MVVM-iOS.app */;
			productType = "com.apple.product-type.application";
		};
		5675DB302379F98D00B76476 /* MVVM-iOSTests */ = {
			isa = PBXNativeTarget;
			buildConfigurationList = 5675DB482379F98D00B76476 /* Build configuration list for PBXNativeTarget "MVVM-iOSTests" */;
			buildPhases = (
				5675DB2D2379F98D00B76476 /* Sources */,
				5675DB2E2379F98D00B76476 /* Frameworks */,
				5675DB2F2379F98D00B76476 /* Resources */,
			);
			buildRules = (
			);
			dependencies = (
				5675DB332379F98D00B76476 /* PBXTargetDependency */,
			);
			name = "MVVM-iOSTests";
			productName = "MVVM-iOSTests";
			productReference = 5675DB312379F98D00B76476 /* MVVM-iOSTests.xctest */;
			productType = "com.apple.product-type.bundle.unit-test";
		};
		5675DB3B2379F98D00B76476 /* MVVM-iOSUITests */ = {
			isa = PBXNativeTarget;
			buildConfigurationList = 5675DB4B2379F98D00B76476 /* Build configuration list for PBXNativeTarget "MVVM-iOSUITests" */;
			buildPhases = (
				5675DB382379F98D00B76476 /* Sources */,
				5675DB392379F98D00B76476 /* Frameworks */,
				5675DB3A2379F98D00B76476 /* Resources */,
			);
			buildRules = (
			);
			dependencies = (
				5675DB3E2379F98D00B76476 /* PBXTargetDependency */,
			);
			name = "MVVM-iOSUITests";
			productName = "MVVM-iOSUITests";
			productReference = 5675DB3C2379F98D00B76476 /* MVVM-iOSUITests.xctest */;
			productType = "com.apple.product-type.bundle.ui-testing";
		};
/* End PBXNativeTarget section */

/* Begin PBXProject section */
		5675DB102379F98A00B76476 /* Project object */ = {
			isa = PBXProject;
			attributes = {
				LastSwiftUpdateCheck = 1120;
				LastUpgradeCheck = 1120;
				ORGANIZATIONNAME = Flavindias;
				TargetAttributes = {
					5675DB172379F98A00B76476 = {
						CreatedOnToolsVersion = 11.2;
					};
					5675DB302379F98D00B76476 = {
						CreatedOnToolsVersion = 11.2;
						TestTargetID = 5675DB172379F98A00B76476;
					};
					5675DB3B2379F98D00B76476 = {
						CreatedOnToolsVersion = 11.2;
						TestTargetID = 5675DB172379F98A00B76476;
					};
				};
			};
			buildConfigurationList = 5675DB132379F98A00B76476 /* Build configuration list for PBXProject "MVVM-iOS" */;
			compatibilityVersion = "Xcode 9.3";
			developmentRegion = en;
			hasScannedForEncodings = 0;
			knownRegions = (
				en,
				Base,
			);
			mainGroup = 5675DB0F2379F98A00B76476;
			productRefGroup = 5675DB192379F98A00B76476 /* Products */;
			projectDirPath = "";
			projectRoot = "";
			targets = (
				5675DB172379F98A00B76476 /* MVVM-iOS */,
				5675DB302379F98D00B76476 /* MVVM-iOSTests */,
				5675DB3B2379F98D00B76476 /* MVVM-iOSUITests */,
			);
		};
/* End PBXProject section */

/* Begin PBXResourcesBuildPhase section */
		5675DB162379F98A00B76476 /* Resources */ = {
			isa = PBXResourcesBuildPhase;
			buildActionMask = 2147483647;
			files = (
				5675DB2B2379F98D00B76476 /* LaunchScreen.storyboard in Resources */,
				5675DB282379F98D00B76476 /* Assets.xcassets in Resources */,
				5675DB232379F98A00B76476 /* Main.storyboard in Resources */,
			);
			runOnlyForDeploymentPostprocessing = 0;
		};
		5675DB2F2379F98D00B76476 /* Resources */ = {
			isa = PBXResourcesBuildPhase;
			buildActionMask = 2147483647;
			files = (
			);
			runOnlyForDeploymentPostprocessing = 0;
		};
		5675DB3A2379F98D00B76476 /* Resources */ = {
			isa = PBXResourcesBuildPhase;
			buildActionMask = 2147483647;
			files = (
			);
			runOnlyForDeploymentPostprocessing = 0;
		};
/* End PBXResourcesBuildPhase section */

/* Begin PBXSourcesBuildPhase section */
		5675DB142379F98A00B76476 /* Sources */ = {
			isa = PBXSourcesBuildPhase;
			buildActionMask = 2147483647;
			files = (
				5675DB202379F98A00B76476 /* ViewController.swift in Sources */,
				5675DB262379F98A00B76476 /* MVVM_iOS.xcdatamodeld in Sources */,
				5675DB1C2379F98A00B76476 /* AppDelegate.swift in Sources */,
				5675DB1E2379F98A00B76476 /* SceneDelegate.swift in Sources */,
			);
			runOnlyForDeploymentPostprocessing = 0;
		};
		5675DB2D2379F98D00B76476 /* Sources */ = {
			isa = PBXSourcesBuildPhase;
			buildActionMask = 2147483647;
			files = (
				5675DB362379F98D00B76476 /* MVVM_iOSTests.swift in Sources */,
			);
			runOnlyForDeploymentPostprocessing = 0;
		};
		5675DB382379F98D00B76476 /* Sources */ = {
			isa = PBXSourcesBuildPhase;
			buildActionMask = 2147483647;
			files = (
				5675DB412379F98D00B76476 /* MVVM_iOSUITests.swift in Sources */,
			);
			runOnlyForDeploymentPostprocessing = 0;
		};
/* End PBXSourcesBuildPhase section */

/* Begin PBXTargetDependency section */
		5675DB332379F98D00B76476 /* PBXTargetDependency */ = {
			isa = PBXTargetDependency;
			target = 5675DB172379F98A00B76476 /* MVVM-iOS */;
			targetProxy = 5675DB322379F98D00B76476 /* PBXContainerItemProxy */;
		};
		5675DB3E2379F98D00B76476 /* PBXTargetDependency */ = {
			isa = PBXTargetDependency;
			target = 5675DB172379F98A00B76476 /* MVVM-iOS */;
			targetProxy = 5675DB3D2379F98D00B76476 /* PBXContainerItemProxy */;
		};
/* End PBXTargetDependency section */

/* Begin PBXVariantGroup section */
		5675DB212379F98A00B76476 /* Main.storyboard */ = {
			isa = PBXVariantGroup;
			children = (
				5675DB222379F98A00B76476 /* Base */,
			);
			name = Main.storyboard;
			sourceTree = "<group>";
		};
		5675DB292379F98D00B76476 /* LaunchScreen.storyboard */ = {
			isa = PBXVariantGroup;
			children = (
				5675DB2A2379F98D00B76476 /* Base */,
			);
			name = LaunchScreen.storyboard;
			sourceTree = "<group>";
		};
/* End PBXVariantGroup section */

/* Begin XCBuildConfiguration section */
		5675DB432379F98D00B76476 /* Debug */ = {
			isa = XCBuildConfiguration;
			buildSettings = {
				ALWAYS_SEARCH_USER_PATHS = NO;
				CLANG_ANALYZER_NONNULL = YES;
				CLANG_ANALYZER_NUMBER_OBJECT_CONVERSION = YES_AGGRESSIVE;
				CLANG_CXX_LANGUAGE_STANDARD = "gnu++14";
				CLANG_CXX_LIBRARY = "libc++";
				CLANG_ENABLE_MODULES = YES;
				CLANG_ENABLE_OBJC_ARC = YES;
				CLANG_ENABLE_OBJC_WEAK = YES;
				CLANG_WARN_BLOCK_CAPTURE_AUTORELEASING = YES;
				CLANG_WARN_BOOL_CONVERSION = YES;
				CLANG_WARN_COMMA = YES;
				CLANG_WARN_CONSTANT_CONVERSION = YES;
				CLANG_WARN_DEPRECATED_OBJC_IMPLEMENTATIONS = YES;
				CLANG_WARN_DIRECT_OBJC_ISA_USAGE = YES_ERROR;
				CLANG_WARN_DOCUMENTATION_COMMENTS = YES;
				CLANG_WARN_EMPTY_BODY = YES;
				CLANG_WARN_ENUM_CONVERSION = YES;
				CLANG_WARN_INFINITE_RECURSION = YES;
				CLANG_WARN_INT_CONVERSION = YES;
				CLANG_WARN_NON_LITERAL_NULL_CONVERSION = YES;
				CLANG_WARN_OBJC_IMPLICIT_RETAIN_SELF = YES;
				CLANG_WARN_OBJC_LITERAL_CONVERSION = YES;
				CLANG_WARN_OBJC_ROOT_CLASS = YES_ERROR;
				CLANG_WARN_RANGE_LOOP_ANALYSIS = YES;
				CLANG_WARN_STRICT_PROTOTYPES = YES;
				CLANG_WARN_SUSPICIOUS_MOVE = YES;
				CLANG_WARN_UNGUARDED_AVAILABILITY = YES_AGGRESSIVE;
				CLANG_WARN_UNREACHABLE_CODE = YES;
				CLANG_WARN__DUPLICATE_METHOD_MATCH = YES;
				COPY_PHASE_STRIP = NO;
				DEBUG_INFORMATION_FORMAT = dwarf;
				ENABLE_STRICT_OBJC_MSGSEND = YES;
				ENABLE_TESTABILITY = YES;
				GCC_C_LANGUAGE_STANDARD = gnu11;
				GCC_DYNAMIC_NO_PIC = NO;
				GCC_NO_COMMON_BLOCKS = YES;
				GCC_OPTIMIZATION_LEVEL = 0;
				GCC_PREPROCESSOR_DEFINITIONS = (
					"DEBUG=1",
					"$(inherited)",
				);
				GCC_WARN_64_TO_32_BIT_CONVERSION = YES;
				GCC_WARN_ABOUT_RETURN_TYPE = YES_ERROR;
				GCC_WARN_UNDECLARED_SELECTOR = YES;
				GCC_WARN_UNINITIALIZED_AUTOS = YES_AGGRESSIVE;
				GCC_WARN_UNUSED_FUNCTION = YES;
				GCC_WARN_UNUSED_VARIABLE = YES;
				IPHONEOS_DEPLOYMENT_TARGET = 13.2;
				MTL_ENABLE_DEBUG_INFO = INCLUDE_SOURCE;
				MTL_FAST_MATH = YES;
				ONLY_ACTIVE_ARCH = YES;
				SDKROOT = iphoneos;
				SWIFT_ACTIVE_COMPILATION_CONDITIONS = DEBUG;
				SWIFT_OPTIMIZATION_LEVEL = "-Onone";
			};
			name = Debug;
		};
		5675DB442379F98D00B76476 /* Release */ = {
			isa = XCBuildConfiguration;
			buildSettings = {
				ALWAYS_SEARCH_USER_PATHS = NO;
				CLANG_ANALYZER_NONNULL = YES;
				CLANG_ANALYZER_NUMBER_OBJECT_CONVERSION = YES_AGGRESSIVE;
				CLANG_CXX_LANGUAGE_STANDARD = "gnu++14";
				CLANG_CXX_LIBRARY = "libc++";
				CLANG_ENABLE_MODULES = YES;
				CLANG_ENABLE_OBJC_ARC = YES;
				CLANG_ENABLE_OBJC_WEAK = YES;
				CLANG_WARN_BLOCK_CAPTURE_AUTORELEASING = YES;
				CLANG_WARN_BOOL_CONVERSION = YES;
				CLANG_WARN_COMMA = YES;
				CLANG_WARN_CONSTANT_CONVERSION = YES;
				CLANG_WARN_DEPRECATED_OBJC_IMPLEMENTATIONS = YES;
				CLANG_WARN_DIRECT_OBJC_ISA_USAGE = YES_ERROR;
				CLANG_WARN_DOCUMENTATION_COMMENTS = YES;
				CLANG_WARN_EMPTY_BODY = YES;
				CLANG_WARN_ENUM_CONVERSION = YES;
				CLANG_WARN_INFINITE_RECURSION = YES;
				CLANG_WARN_INT_CONVERSION = YES;
				CLANG_WARN_NON_LITERAL_NULL_CONVERSION = YES;
				CLANG_WARN_OBJC_IMPLICIT_RETAIN_SELF = YES;
				CLANG_WARN_OBJC_LITERAL_CONVERSION = YES;
				CLANG_WARN_OBJC_ROOT_CLASS = YES_ERROR;
				CLANG_WARN_RANGE_LOOP_ANALYSIS = YES;
				CLANG_WARN_STRICT_PROTOTYPES = YES;
				CLANG_WARN_SUSPICIOUS_MOVE = YES;
				CLANG_WARN_UNGUARDED_AVAILABILITY = YES_AGGRESSIVE;
				CLANG_WARN_UNREACHABLE_CODE = YES;
				CLANG_WARN__DUPLICATE_METHOD_MATCH = YES;
				COPY_PHASE_STRIP = NO;
				DEBUG_INFORMATION_FORMAT = "dwarf-with-dsym";
				ENABLE_NS_ASSERTIONS = NO;
				ENABLE_STRICT_OBJC_MSGSEND = YES;
				GCC_C_LANGUAGE_STANDARD = gnu11;
				GCC_NO_COMMON_BLOCKS = YES;
				GCC_WARN_64_TO_32_BIT_CONVERSION = YES;
				GCC_WARN_ABOUT_RETURN_TYPE = YES_ERROR;
				GCC_WARN_UNDECLARED_SELECTOR = YES;
				GCC_WARN_UNINITIALIZED_AUTOS = YES_AGGRESSIVE;
				GCC_WARN_UNUSED_FUNCTION = YES;
				GCC_WARN_UNUSED_VARIABLE = YES;
				IPHONEOS_DEPLOYMENT_TARGET = 13.2;
				MTL_ENABLE_DEBUG_INFO = NO;
				MTL_FAST_MATH = YES;
				SDKROOT = iphoneos;
				SWIFT_COMPILATION_MODE = wholemodule;
				SWIFT_OPTIMIZATION_LEVEL = "-O";
				VALIDATE_PRODUCT = YES;
			};
			name = Release;
		};
		5675DB462379F98D00B76476 /* Debug */ = {
			isa = XCBuildConfiguration;
			buildSettings = {
				ASSETCATALOG_COMPILER_APPICON_NAME = AppIcon;
				CODE_SIGN_STYLE = Automatic;
				INFOPLIST_FILE = "MVVM-iOS/Info.plist";
				LD_RUNPATH_SEARCH_PATHS = (
					"$(inherited)",
					"@executable_path/Frameworks",
				);
				PRODUCT_BUNDLE_IDENTIFIER = "br.com.flavianodias.MVVM-iOS";
				PRODUCT_NAME = "$(TARGET_NAME)";
				SWIFT_VERSION = 5.0;
				TARGETED_DEVICE_FAMILY = "1,2";
			};
			name = Debug;
		};
		5675DB472379F98D00B76476 /* Release */ = {
			isa = XCBuildConfiguration;
			buildSettings = {
				ASSETCATALOG_COMPILER_APPICON_NAME = AppIcon;
				CODE_SIGN_STYLE = Automatic;
				INFOPLIST_FILE = "MVVM-iOS/Info.plist";
				LD_RUNPATH_SEARCH_PATHS = (
					"$(inherited)",
					"@executable_path/Frameworks",
				);
				PRODUCT_BUNDLE_IDENTIFIER = "br.com.flavianodias.MVVM-iOS";
				PRODUCT_NAME = "$(TARGET_NAME)";
				SWIFT_VERSION = 5.0;
				TARGETED_DEVICE_FAMILY = "1,2";
			};
			name = Release;
		};
		5675DB492379F98D00B76476 /* Debug */ = {
			isa = XCBuildConfiguration;
			buildSettings = {
				ALWAYS_EMBED_SWIFT_STANDARD_LIBRARIES = YES;
				BUNDLE_LOADER = "$(TEST_HOST)";
				CODE_SIGN_STYLE = Automatic;
				INFOPLIST_FILE = "MVVM-iOSTests/Info.plist";
				IPHONEOS_DEPLOYMENT_TARGET = 13.2;
				LD_RUNPATH_SEARCH_PATHS = (
					"$(inherited)",
					"@executable_path/Frameworks",
					"@loader_path/Frameworks",
				);
				PRODUCT_BUNDLE_IDENTIFIER = "br.com.flavianodias.MVVM-iOSTests";
				PRODUCT_NAME = "$(TARGET_NAME)";
				SWIFT_VERSION = 5.0;
				TARGETED_DEVICE_FAMILY = "1,2";
				TEST_HOST = "$(BUILT_PRODUCTS_DIR)/MVVM-iOS.app/MVVM-iOS";
			};
			name = Debug;
		};
		5675DB4A2379F98D00B76476 /* Release */ = {
			isa = XCBuildConfiguration;
			buildSettings = {
				ALWAYS_EMBED_SWIFT_STANDARD_LIBRARIES = YES;
				BUNDLE_LOADER = "$(TEST_HOST)";
				CODE_SIGN_STYLE = Automatic;
				INFOPLIST_FILE = "MVVM-iOSTests/Info.plist";
				IPHONEOS_DEPLOYMENT_TARGET = 13.2;
				LD_RUNPATH_SEARCH_PATHS = (
					"$(inherited)",
					"@executable_path/Frameworks",
					"@loader_path/Frameworks",
				);
				PRODUCT_BUNDLE_IDENTIFIER = "br.com.flavianodias.MVVM-iOSTests";
				PRODUCT_NAME = "$(TARGET_NAME)";
				SWIFT_VERSION = 5.0;
				TARGETED_DEVICE_FAMILY = "1,2";
				TEST_HOST = "$(BUILT_PRODUCTS_DIR)/MVVM-iOS.app/MVVM-iOS";
			};
			name = Release;
		};
		5675DB4C2379F98D00B76476 /* Debug */ = {
			isa = XCBuildConfiguration;
			buildSettings = {
				ALWAYS_EMBED_SWIFT_STANDARD_LIBRARIES = YES;
				CODE_SIGN_STYLE = Automatic;
				INFOPLIST_FILE = "MVVM-iOSUITests/Info.plist";
				LD_RUNPATH_SEARCH_PATHS = (
					"$(inherited)",
					"@executable_path/Frameworks",
					"@loader_path/Frameworks",
				);
				PRODUCT_BUNDLE_IDENTIFIER = "br.com.flavianodias.MVVM-iOSUITests";
				PRODUCT_NAME = "$(TARGET_NAME)";
				SWIFT_VERSION = 5.0;
				TARGETED_DEVICE_FAMILY = "1,2";
				TEST_TARGET_NAME = "MVVM-iOS";
			};
			name = Debug;
		};
		5675DB4D2379F98D00B76476 /* Release */ = {
			isa = XCBuildConfiguration;
			buildSettings = {
				ALWAYS_EMBED_SWIFT_STANDARD_LIBRARIES = YES;
				CODE_SIGN_STYLE = Automatic;
				INFOPLIST_FILE = "MVVM-iOSUITests/Info.plist";
				LD_RUNPATH_SEARCH_PATHS = (
					"$(inherited)",
					"@executable_path/Frameworks",
					"@loader_path/Frameworks",
				);
				PRODUCT_BUNDLE_IDENTIFIER = "br.com.flavianodias.MVVM-iOSUITests";
				PRODUCT_NAME = "$(TARGET_NAME)";
				SWIFT_VERSION = 5.0;
				TARGETED_DEVICE_FAMILY = "1,2";
				TEST_TARGET_NAME = "MVVM-iOS";
			};
			name = Release;
		};
/* End XCBuildConfiguration section */

/* Begin XCConfigurationList section */
		5675DB132379F98A00B76476 /* Build configuration list for PBXProject "MVVM-iOS" */ = {
			isa = XCConfigurationList;
			buildConfigurations = (
				5675DB432379F98D00B76476 /* Debug */,
				5675DB442379F98D00B76476 /* Release */,
			);
			defaultConfigurationIsVisible = 0;
			defaultConfigurationName = Release;
		};
		5675DB452379F98D00B76476 /* Build configuration list for PBXNativeTarget "MVVM-iOS" */ = {
			isa = XCConfigurationList;
			buildConfigurations = (
				5675DB462379F98D00B76476 /* Debug */,
				5675DB472379F98D00B76476 /* Release */,
			);
			defaultConfigurationIsVisible = 0;
			defaultConfigurationName = Release;
		};
		5675DB482379F98D00B76476 /* Build configuration list for PBXNativeTarget "MVVM-iOSTests" */ = {
			isa = XCConfigurationList;
			buildConfigurations = (
				5675DB492379F98D00B76476 /* Debug */,
				5675DB4A2379F98D00B76476 /* Release */,
			);
			defaultConfigurationIsVisible = 0;
			defaultConfigurationName = Release;
		};
		5675DB4B2379F98D00B76476 /* Build configuration list for PBXNativeTarget "MVVM-iOSUITests" */ = {
			isa = XCConfigurationList;
			buildConfigurations = (
				5675DB4C2379F98D00B76476 /* Debug */,
				5675DB4D2379F98D00B76476 /* Release */,
			);
			defaultConfigurationIsVisible = 0;
			defaultConfigurationName = Release;
		};
/* End XCConfigurationList section */

/* Begin XCVersionGroup section */
		5675DB242379F98A00B76476 /* MVVM_iOS.xcdatamodeld */ = {
			isa = XCVersionGroup;
			children = (
				5675DB252379F98A00B76476 /* MVVM_iOS.xcdatamodel */,
			);
			currentVersion = 5675DB252379F98A00B76476 /* MVVM_iOS.xcdatamodel */;
			path = MVVM_iOS.xcdatamodeld;
			sourceTree = "<group>";
			versionGroupType = wrapper.xcdatamodel;
		};
/* End XCVersionGroup section */
	};
	rootObject = 5675DB102379F98A00B76476 /* Project object */;
}
